
Microsoft Visual Studio Solution File, Format Version 12.00
# Visual Studio Version 17
VisualStudioVersion = 17.4.33403.182
MinimumVisualStudioVersion = 10.0.40219.1
Project("{8BC9CEB8-8B4A-11D0-8D11-00A0C91BC942}") = "Lab07DA", "Lab07DA.vcxproj", "{AE0D2543-664F-41F2-BCEB-DC479A412EFD}"
EndProject
Global
	GlobalSection(SolutionConfigurationPlatforms) = preSolution
		Debug|x64 = Debug|x64
		Debug|x86 = Debug|x86
		Release|x64 = Release|x64
		Release|x86 = Release|x86
	EndGlobalSection
	GlobalSection(ProjectConfigurationPlatforms) = postSolution
		{AE0D2543-664F-41F2-BCEB-DC479A412EFD}.Debug|x64.ActiveCfg = Debug|x64
		{AE0D2543-664F-41F2-BCEB-DC479A412EFD}.Debug|x64.Build.0 = Debug|x64
		{AE0D2543-664F-41F2-BCEB-DC479A412EFD}.Debug|x86.ActiveCfg = Debug|Win32
		{AE0D2543-664F-41F2-BCEB-DC479A412EFD}.Debug|x86.Build.0 = Debug|Win32
		{AE0D2543-664F-41F2-BCEB-DC479A412EFD}.Release|x64.ActiveCfg = Release|x64
		{AE0D2543-664F-41F2-BCEB-DC479A412EFD}.Release|x64.Build.0 = Release|x64
		{AE0D2543-664F-41F2-BCEB-DC479A412EFD}.Release|x86.ActiveCfg = Release|Win32
		{AE0D2543-664F-41F2-BCEB-DC479A412EFD}.Release|x86.Build.0 = Release|Win32
	EndGlobalSection
	GlobalSection(SolutionProperties) = preSolution
		HideSolutionNode = FALSE
	EndGlobalSection
	GlobalSection(ExtensibilityGlobals) = postSolution
		SolutionGuid = {2A03CF5E-9915-4332-8E74-25617E03E41F}
	EndGlobalSection
EndGlobal
